
Microsoft Visual Studio Solution File, Format Version 12.00
# Visual Studio 15
Project("{FAE04EC0-301F-11D3-BF4B-00C04F79EFBC}") = "CarAnalyzer.Android", "CarAnalyzer.Android\CarAnalyzer.Android.csproj", "{B14493C8-4638-4FE4-85E9-5221B2434DB3}"
EndProject
Project("{FAE04EC0-301F-11D3-BF4B-00C04F79EFBC}") = "CarAnalyzer", "CarAnalyzer\CarAnalyzer.csproj", "{4C87231D-282E-4087-BFEC-C8BE9F5EF571}"
EndProject
Global
	GlobalSection(SolutionConfigurationPlatforms) = preSolution
		Debug|Any CPU = Debug|Any CPU
		Release|Any CPU = Release|Any CPU
	EndGlobalSection
	GlobalSection(ProjectConfigurationPlatforms) = postSolution
		{B14493C8-4638-4FE4-85E9-5221B2434DB3}.Debug|Any CPU.ActiveCfg = Debug|Any CPU
		{B14493C8-4638-4FE4-85E9-5221B2434DB3}.Debug|Any CPU.Build.0 = Debug|Any CPU
		{B14493C8-4638-4FE4-85E9-5221B2434DB3}.Release|Any CPU.ActiveCfg = Release|Any CPU
		{B14493C8-4638-4FE4-85E9-5221B2434DB3}.Release|Any CPU.Build.0 = Release|Any CPU
		{4C87231D-282E-4087-BFEC-C8BE9F5EF571}.Debug|Any CPU.ActiveCfg = Debug|Any CPU
		{4C87231D-282E-4087-BFEC-C8BE9F5EF571}.Debug|Any CPU.Build.0 = Debug|Any CPU
		{4C87231D-282E-4087-BFEC-C8BE9F5EF571}.Release|Any CPU.ActiveCfg = Release|Any CPU
		{4C87231D-282E-4087-BFEC-C8BE9F5EF571}.Release|Any CPU.Build.0 = Release|Any CPU
	EndGlobalSection
	GlobalSection(MonoDevelopProperties) = preSolution
		Policies = $0
		$0.DotNetNamingPolicy = $1
		$1.DirectoryNamespaceAssociation = PrefixedHierarchical
	EndGlobalSection
EndGlobal
